
Microsoft Visual Studio Solution File, Format Version 12.00
# Visual Studio 2012
Project("{8BC9CEB8-8B4A-11D0-8D11-00A0C91BC942}") = "kinectScan", "kinectScan.vcxproj", "{B411EFA6-ACAE-4D6C-BC3D-841C675CCC8A}"
EndProject
Global
	GlobalSection(SolutionConfigurationPlatforms) = preSolution
		Debug|Win32 = Debug|Win32
		Release|Win32 = Release|Win32
	EndGlobalSection
	GlobalSection(ProjectConfigurationPlatforms) = postSolution
		{B411EFA6-ACAE-4D6C-BC3D-841C675CCC8A}.Debug|Win32.ActiveCfg = Debug|Win32
		{B411EFA6-ACAE-4D6C-BC3D-841C675CCC8A}.Debug|Win32.Build.0 = Debug|Win32
		{B411EFA6-ACAE-4D6C-BC3D-841C675CCC8A}.Release|Win32.ActiveCfg = Release|Win32
		{B411EFA6-ACAE-4D6C-BC3D-841C675CCC8A}.Release|Win32.Build.0 = Release|Win32
Project("{FAE04EC0-301F-11D3-BF4B-00C04F79EFBC}") = "kinectScan", "kinectScan.csproj", "{FF96F235-691A-44A2-909C-FC670FC5EAD2}"
EndProject
Global
	GlobalSection(SolutionConfigurationPlatforms) = preSolution
		Debug|Any CPU = Debug|Any CPU
		Release|Any CPU = Release|Any CPU
	EndGlobalSection
	GlobalSection(ProjectConfigurationPlatforms) = postSolution
		{FF96F235-691A-44A2-909C-FC670FC5EAD2}.Debug|Any CPU.ActiveCfg = Debug|Any CPU
		{FF96F235-691A-44A2-909C-FC670FC5EAD2}.Debug|Any CPU.Build.0 = Debug|Any CPU
		{FF96F235-691A-44A2-909C-FC670FC5EAD2}.Release|Any CPU.ActiveCfg = Release|Any CPU
		{FF96F235-691A-44A2-909C-FC670FC5EAD2}.Release|Any CPU.Build.0 = Release|Any CPU
	EndGlobalSection
	GlobalSection(SolutionProperties) = preSolution
		HideSolutionNode = FALSE
	EndGlobalSection
EndGlobal
